
Microsoft Visual Studio Solution File, Format Version 12.00
# Visual Studio Version 16
VisualStudioVersion = 16.0.30517.126
MinimumVisualStudioVersion = 10.0.40219.1
Project("{FAE04EC0-301F-11D3-BF4B-00C04F79EFBC}") = "AppMunicipio", "AppMunicipio\AppMunicipio.csproj", "{ECEAAD43-7555-4111-9325-0676DEEA9AA6}"
EndProject
Global
	GlobalSection(SolutionConfigurationPlatforms) = preSolution
		Debug|Any CPU = Debug|Any CPU
		Release|Any CPU = Release|Any CPU
	EndGlobalSection
	GlobalSection(ProjectConfigurationPlatforms) = postSolution
		{ECEAAD43-7555-4111-9325-0676DEEA9AA6}.Debug|Any CPU.ActiveCfg = Debug|Any CPU
		{ECEAAD43-7555-4111-9325-0676DEEA9AA6}.Debug|Any CPU.Build.0 = Debug|Any CPU
		{ECEAAD43-7555-4111-9325-0676DEEA9AA6}.Release|Any CPU.ActiveCfg = Release|Any CPU
		{ECEAAD43-7555-4111-9325-0676DEEA9AA6}.Release|Any CPU.Build.0 = Release|Any CPU
	EndGlobalSection
	GlobalSection(SolutionProperties) = preSolution
		HideSolutionNode = FALSE
	EndGlobalSection
	GlobalSection(ExtensibilityGlobals) = postSolution
		SolutionGuid = {F05DAF5D-900D-42FB-A71A-CE3EC4A4939F}
	EndGlobalSection
EndGlobal
